{
  "originHash" : "0946545647b1e203c3d517bfa64710e719e29f27f9917aa5caab8d06b2cdec79",
  "pins" : [
    {
      "identity" : "grpc-swift",
      "kind" : "remoteSourceControl",
      "location" : "https://github.com/grpc/grpc-swift",
      "state" : {
        "revision" : "adc18c3e1c55027d0ce43893897ac448e3f27ebe",
        "version" : "2.2.3"
      }
    },
    {
      "identity" : "swift-collections",
      "kind" : "remoteSourceControl",
      "location" : "https://github.com/apple/swift-collections.git",
      "state" : {
        "revision" : "6675bc0ff86e61436e615df6fc5174e043e57924",
        "version" : "1.4.1"
      }
    }
  ],
  "version" : 3
}
